// !$*UTF8*$!
{
	archiveVersion = 1;
	classes = {
	};
	objectVersion = 56;
	objects = {

/* Begin PBXBuildFile section */
		0B7B4ADF2D050FFD00865606 /* TabBarController.swift in Sources */ = {isa = PBXBuildFile; fileRef = 0B7B4ADC2D050FFD00865606 /* TabBarController.swift */; };
		0B7B4AE02D050FFD00865606 /* TabBarPages.swift in Sources */ = {isa = PBXBuildFile; fileRef = 0B7B4ADD2D050FFD00865606 /* TabBarPages.swift */; };
		0B7B4AE22D07A52D00865606 /* TaskCellModel.swift in Sources */ = {isa = PBXBuildFile; fileRef = 0B7B4AE12D07A52D00865606 /* TaskCellModel.swift */; };
		0B9787032D0906F100BF3071 /* TasksListViewModelTests.swift in Sources */ = {isa = PBXBuildFile; fileRef = 0B9787012D0906F100BF3071 /* TasksListViewModelTests.swift */; };
		0B9787042D0906F100BF3071 /* MockRepos&Managers.swift in Sources */ = {isa = PBXBuildFile; fileRef = 0B9787022D0906F100BF3071 /* MockRepos&Managers.swift */; };
		0BBED3702D0A415A009C89CA /* Constants.swift in Sources */ = {isa = PBXBuildFile; fileRef = 0BBED36F2D0A415A009C89CA /* Constants.swift */; };
		0BE62CF22CFA7F7700A863DA /* AppDelegate.swift in Sources */ = {isa = PBXBuildFile; fileRef = 0BE62CF12CFA7F7700A863DA /* AppDelegate.swift */; };
		0BE62CF42CFA7F7700A863DA /* SceneDelegate.swift in Sources */ = {isa = PBXBuildFile; fileRef = 0BE62CF32CFA7F7700A863DA /* SceneDelegate.swift */; };
		0BE62CF62CFA7F7700A863DA /* TasksListViewController.swift in Sources */ = {isa = PBXBuildFile; fileRef = 0BE62CF52CFA7F7700A863DA /* TasksListViewController.swift */; };
		0BE62CF92CFA7F7700A863DA /* Base in Resources */ = {isa = PBXBuildFile; fileRef = 0BE62CF82CFA7F7700A863DA /* Base */; };
		0BE62CFC2CFA7F7700A863DA /* Buddyger.xcdatamodeld in Sources */ = {isa = PBXBuildFile; fileRef = 0BE62CFA2CFA7F7700A863DA /* Buddyger.xcdatamodeld */; };
		0BE62CFE2CFA7F7A00A863DA /* Assets.xcassets in Resources */ = {isa = PBXBuildFile; fileRef = 0BE62CFD2CFA7F7A00A863DA /* Assets.xcassets */; };
		0BE62D012CFA7F7A00A863DA /* Base in Resources */ = {isa = PBXBuildFile; fileRef = 0BE62D002CFA7F7A00A863DA /* Base */; };
		0BF7A34E2CFBD85E0077FA9D /* TaskTableViewCell.swift in Sources */ = {isa = PBXBuildFile; fileRef = 0BF7A34D2CFBD85E0077FA9D /* TaskTableViewCell.swift */; };
		0BF7A3502CFBDED70077FA9D /* AuthRepository.swift in Sources */ = {isa = PBXBuildFile; fileRef = 0BF7A34F2CFBDED70077FA9D /* AuthRepository.swift */; };
		0BF7A3522CFCAA640077FA9D /* TaskManagerRepository.swift in Sources */ = {isa = PBXBuildFile; fileRef = 0BF7A3512CFCAA640077FA9D /* TaskManagerRepository.swift */; };
		0BF7A3542CFD3DE30077FA9D /* TasksListViewModel.swift in Sources */ = {isa = PBXBuildFile; fileRef = 0BF7A3532CFD3DE30077FA9D /* TasksListViewModel.swift */; };
		0BF7A3562CFE11BC0077FA9D /* UIColor+Hex.swift in Sources */ = {isa = PBXBuildFile; fileRef = 0BF7A3552CFE11BC0077FA9D /* UIColor+Hex.swift */; };
		0BF7A35C2CFE78320077FA9D /* TaskModel.swift in Sources */ = {isa = PBXBuildFile; fileRef = 0BF7A35B2CFE78320077FA9D /* TaskModel.swift */; };
		0BF7A35E2CFE78660077FA9D /* LoginResponse.swift in Sources */ = {isa = PBXBuildFile; fileRef = 0BF7A35D2CFE78660077FA9D /* LoginResponse.swift */; };
		0BF7A3602CFE78800077FA9D /* APIError.swift in Sources */ = {isa = PBXBuildFile; fileRef = 0BF7A35F2CFE78800077FA9D /* APIError.swift */; };
		0BF7A3622CFE7F170077FA9D /* CoreDataManger.swift in Sources */ = {isa = PBXBuildFile; fileRef = 0BF7A3612CFE7F170077FA9D /* CoreDataManger.swift */; };
		0BF7A3642CFFD2150077FA9D /* QRScannerViewController.swift in Sources */ = {isa = PBXBuildFile; fileRef = 0BF7A3632CFFD2150077FA9D /* QRScannerViewController.swift */; };
		0BF7A3662D0260B70077FA9D /* Coordinator.swift in Sources */ = {isa = PBXBuildFile; fileRef = 0BF7A3652D0260B70077FA9D /* Coordinator.swift */; };
		0BF7A3682D0261090077FA9D /* AppCoordinator.swift in Sources */ = {isa = PBXBuildFile; fileRef = 0BF7A3672D0261090077FA9D /* AppCoordinator.swift */; };
		0BF7A36A2D0263160077FA9D /* TasksListViewCoordinator.swift in Sources */ = {isa = PBXBuildFile; fileRef = 0BF7A3692D0263160077FA9D /* TasksListViewCoordinator.swift */; };
		0BF7A36C2D0263950077FA9D /* UIViewController+Storyboard.swift in Sources */ = {isa = PBXBuildFile; fileRef = 0BF7A36B2D0263950077FA9D /* UIViewController+Storyboard.swift */; };
		0BF7A3702D0268EC0077FA9D /* TabBarCoordinator.swift in Sources */ = {isa = PBXBuildFile; fileRef = 0BF7A36F2D0268EC0077FA9D /* TabBarCoordinator.swift */; };
		0BF7A3752D0272780077FA9D /* QRScannerViewModel.swift in Sources */ = {isa = PBXBuildFile; fileRef = 0BF7A3742D0272780077FA9D /* QRScannerViewModel.swift */; };
		0BF7A3772D0274130077FA9D /* QRScannerViewCoordinator.swift in Sources */ = {isa = PBXBuildFile; fileRef = 0BF7A3762D0274130077FA9D /* QRScannerViewCoordinator.swift */; };
/* End PBXBuildFile section */

/* Begin PBXContainerItemProxy section */
		0B9786FC2D0906D500BF3071 /* PBXContainerItemProxy */ = {
			isa = PBXContainerItemProxy;
			containerPortal = 0BE62CE62CFA7F7700A863DA /* Project object */;
			proxyType = 1;
			remoteGlobalIDString = 0BE62CED2CFA7F7700A863DA;
			remoteInfo = Buddyger;
		};
/* End PBXContainerItemProxy section */

/* Begin PBXFileReference section */
		0B7B4ADC2D050FFD00865606 /* TabBarController.swift */ = {isa = PBXFileReference; fileEncoding = 4; lastKnownFileType = sourcecode.swift; path = TabBarController.swift; sourceTree = "<group>"; };
		0B7B4ADD2D050FFD00865606 /* TabBarPages.swift */ = {isa = PBXFileReference; fileEncoding = 4; lastKnownFileType = sourcecode.swift; path = TabBarPages.swift; sourceTree = "<group>"; };
		0B7B4AE12D07A52D00865606 /* TaskCellModel.swift */ = {isa = PBXFileReference; lastKnownFileType = sourcecode.swift; path = TaskCellModel.swift; sourceTree = "<group>"; };
		0B9786F82D0906D500BF3071 /* BuddygerTests.xctest */ = {isa = PBXFileReference; explicitFileType = wrapper.cfbundle; includeInIndex = 0; path = BuddygerTests.xctest; sourceTree = BUILT_PRODUCTS_DIR; };
		0B9787012D0906F100BF3071 /* TasksListViewModelTests.swift */ = {isa = PBXFileReference; fileEncoding = 4; lastKnownFileType = sourcecode.swift; path = TasksListViewModelTests.swift; sourceTree = "<group>"; };
		0B9787022D0906F100BF3071 /* MockRepos&Managers.swift */ = {isa = PBXFileReference; fileEncoding = 4; lastKnownFileType = sourcecode.swift; path = "MockRepos&Managers.swift"; sourceTree = "<group>"; };
		0BBED36F2D0A415A009C89CA /* Constants.swift */ = {isa = PBXFileReference; lastKnownFileType = sourcecode.swift; path = Constants.swift; sourceTree = "<group>"; };
		0BE62CEE2CFA7F7700A863DA /* Buddyger.app */ = {isa = PBXFileReference; explicitFileType = wrapper.application; includeInIndex = 0; path = Buddyger.app; sourceTree = BUILT_PRODUCTS_DIR; };
		0BE62CF12CFA7F7700A863DA /* AppDelegate.swift */ = {isa = PBXFileReference; lastKnownFileType = sourcecode.swift; path = AppDelegate.swift; sourceTree = "<group>"; };
		0BE62CF32CFA7F7700A863DA /* SceneDelegate.swift */ = {isa = PBXFileReference; lastKnownFileType = sourcecode.swift; path = SceneDelegate.swift; sourceTree = "<group>"; };
		0BE62CF52CFA7F7700A863DA /* TasksListViewController.swift */ = {isa = PBXFileReference; lastKnownFileType = sourcecode.swift; path = TasksListViewController.swift; sourceTree = "<group>"; };
		0BE62CF82CFA7F7700A863DA /* Base */ = {isa = PBXFileReference; lastKnownFileType = file.storyboard; name = Base; path = Base.lproj/Main.storyboard; sourceTree = "<group>"; };
		0BE62CFB2CFA7F7700A863DA /* Buddyger.xcdatamodel */ = {isa = PBXFileReference; lastKnownFileType = wrapper.xcdatamodel; path = Buddyger.xcdatamodel; sourceTree = "<group>"; };
		0BE62CFD2CFA7F7A00A863DA /* Assets.xcassets */ = {isa = PBXFileReference; lastKnownFileType = folder.assetcatalog; path = Assets.xcassets; sourceTree = "<group>"; };
		0BE62D002CFA7F7A00A863DA /* Base */ = {isa = PBXFileReference; lastKnownFileType = file.storyboard; name = Base; path = Base.lproj/LaunchScreen.storyboard; sourceTree = "<group>"; };
		0BE62D022CFA7F7A00A863DA /* Info.plist */ = {isa = PBXFileReference; lastKnownFileType = text.plist.xml; path = Info.plist; sourceTree = "<group>"; };
		0BF7A34D2CFBD85E0077FA9D /* TaskTableViewCell.swift */ = {isa = PBXFileReference; lastKnownFileType = sourcecode.swift; path = TaskTableViewCell.swift; sourceTree = "<group>"; };
		0BF7A34F2CFBDED70077FA9D /* AuthRepository.swift */ = {isa = PBXFileReference; lastKnownFileType = sourcecode.swift; path = AuthRepository.swift; sourceTree = "<group>"; };
		0BF7A3512CFCAA640077FA9D /* TaskManagerRepository.swift */ = {isa = PBXFileReference; lastKnownFileType = sourcecode.swift; path = TaskManagerRepository.swift; sourceTree = "<group>"; };
		0BF7A3532CFD3DE30077FA9D /* TasksListViewModel.swift */ = {isa = PBXFileReference; lastKnownFileType = sourcecode.swift; path = TasksListViewModel.swift; sourceTree = "<group>"; };
		0BF7A3552CFE11BC0077FA9D /* UIColor+Hex.swift */ = {isa = PBXFileReference; lastKnownFileType = sourcecode.swift; path = "UIColor+Hex.swift"; sourceTree = "<group>"; };
		0BF7A35B2CFE78320077FA9D /* TaskModel.swift */ = {isa = PBXFileReference; lastKnownFileType = sourcecode.swift; path = TaskModel.swift; sourceTree = "<group>"; };
		0BF7A35D2CFE78660077FA9D /* LoginResponse.swift */ = {isa = PBXFileReference; lastKnownFileType = sourcecode.swift; path = LoginResponse.swift; sourceTree = "<group>"; };
		0BF7A35F2CFE78800077FA9D /* APIError.swift */ = {isa = PBXFileReference; lastKnownFileType = sourcecode.swift; path = APIError.swift; sourceTree = "<group>"; };
		0BF7A3612CFE7F170077FA9D /* CoreDataManger.swift */ = {isa = PBXFileReference; lastKnownFileType = sourcecode.swift; path = CoreDataManger.swift; sourceTree = "<group>"; };
		0BF7A3632CFFD2150077FA9D /* QRScannerViewController.swift */ = {isa = PBXFileReference; lastKnownFileType = sourcecode.swift; path = QRScannerViewController.swift; sourceTree = "<group>"; };
		0BF7A3652D0260B70077FA9D /* Coordinator.swift */ = {isa = PBXFileReference; lastKnownFileType = sourcecode.swift; path = Coordinator.swift; sourceTree = "<group>"; };
		0BF7A3672D0261090077FA9D /* AppCoordinator.swift */ = {isa = PBXFileReference; lastKnownFileType = sourcecode.swift; path = AppCoordinator.swift; sourceTree = "<group>"; };
		0BF7A3692D0263160077FA9D /* TasksListViewCoordinator.swift */ = {isa = PBXFileReference; lastKnownFileType = sourcecode.swift; path = TasksListViewCoordinator.swift; sourceTree = "<group>"; };
		0BF7A36B2D0263950077FA9D /* UIViewController+Storyboard.swift */ = {isa = PBXFileReference; lastKnownFileType = sourcecode.swift; path = "UIViewController+Storyboard.swift"; sourceTree = "<group>"; };
		0BF7A36F2D0268EC0077FA9D /* TabBarCoordinator.swift */ = {isa = PBXFileReference; lastKnownFileType = sourcecode.swift; path = TabBarCoordinator.swift; sourceTree = "<group>"; };
		0BF7A3742D0272780077FA9D /* QRScannerViewModel.swift */ = {isa = PBXFileReference; lastKnownFileType = sourcecode.swift; path = QRScannerViewModel.swift; sourceTree = "<group>"; };
		0BF7A3762D0274130077FA9D /* QRScannerViewCoordinator.swift */ = {isa = PBXFileReference; lastKnownFileType = sourcecode.swift; path = QRScannerViewCoordinator.swift; sourceTree = "<group>"; };
/* End PBXFileReference section */

/* Begin PBXFrameworksBuildPhase section */
		0B9786F52D0906D500BF3071 /* Frameworks */ = {
			isa = PBXFrameworksBuildPhase;
			buildActionMask = 2147483647;
			files = (
			);
			runOnlyForDeploymentPostprocessing = 0;
		};
		0BE62CEB2CFA7F7700A863DA /* Frameworks */ = {
			isa = PBXFrameworksBuildPhase;
			buildActionMask = 2147483647;
			files = (
			);
			runOnlyForDeploymentPostprocessing = 0;
		};
/* End PBXFrameworksBuildPhase section */

/* Begin PBXGroup section */
		0B7B4ADE2D050FFD00865606 /* TabBar */ = {
			isa = PBXGroup;
			children = (
				0B7B4ADC2D050FFD00865606 /* TabBarController.swift */,
				0B7B4ADD2D050FFD00865606 /* TabBarPages.swift */,
			);
			name = TabBar;
			path = Buddyger/TabBar;
			sourceTree = SOURCE_ROOT;
		};
		0B9786F92D0906D500BF3071 /* BuddygerTests */ = {
			isa = PBXGroup;
			children = (
				0B9787012D0906F100BF3071 /* TasksListViewModelTests.swift */,
				0B9787022D0906F100BF3071 /* MockRepos&Managers.swift */,
			);
			path = BuddygerTests;
			sourceTree = "<group>";
		};
		0BE62CE52CFA7F7700A863DA = {
			isa = PBXGroup;
			children = (
				0BE62CF02CFA7F7700A863DA /* Buddyger */,
				0B9786F92D0906D500BF3071 /* BuddygerTests */,
				0BE62CEF2CFA7F7700A863DA /* Products */,
			);
			sourceTree = "<group>";
		};
		0BE62CEF2CFA7F7700A863DA /* Products */ = {
			isa = PBXGroup;
			children = (
				0BE62CEE2CFA7F7700A863DA /* Buddyger.app */,
				0B9786F82D0906D500BF3071 /* BuddygerTests.xctest */,
			);
			name = Products;
			sourceTree = "<group>";
		};
		0BE62CF02CFA7F7700A863DA /* Buddyger */ = {
			isa = PBXGroup;
			children = (
				0BE62CF12CFA7F7700A863DA /* AppDelegate.swift */,
				0BE62CF32CFA7F7700A863DA /* SceneDelegate.swift */,
				0BF7A3572CFE77F90077FA9D /* Utils */,
				0BF7A3512CFCAA640077FA9D /* TaskManagerRepository.swift */,
				0BF7A3612CFE7F170077FA9D /* CoreDataManger.swift */,
				0BF7A34F2CFBDED70077FA9D /* AuthRepository.swift */,
				0BF7A37A2D050F150077FA9D /* Coordinator */,
				0B7B4ADE2D050FFD00865606 /* TabBar */,
				0BF7A3712D026C670077FA9D /* TasksView */,
				0BF7A3732D026C9B0077FA9D /* QRScannerView */,
				0BF7A3592CFE78130077FA9D /* Model */,
				0BE62CF72CFA7F7700A863DA /* Main.storyboard */,
				0BE62CFD2CFA7F7A00A863DA /* Assets.xcassets */,
				0BE62CFF2CFA7F7A00A863DA /* LaunchScreen.storyboard */,
				0BE62D022CFA7F7A00A863DA /* Info.plist */,
				0BE62CFA2CFA7F7700A863DA /* Buddyger.xcdatamodeld */,
			);
			path = Buddyger;
			sourceTree = "<group>";
		};
		0BF7A3572CFE77F90077FA9D /* Utils */ = {
			isa = PBXGroup;
			children = (
				0BBED36F2D0A415A009C89CA /* Constants.swift */,
				0BF7A3582CFE78000077FA9D /* Extension */,
			);
			path = Utils;
			sourceTree = "<group>";
		};
		0BF7A3582CFE78000077FA9D /* Extension */ = {
			isa = PBXGroup;
			children = (
				0BF7A3552CFE11BC0077FA9D /* UIColor+Hex.swift */,
				0BF7A36B2D0263950077FA9D /* UIViewController+Storyboard.swift */,
			);
			path = Extension;
			sourceTree = "<group>";
		};
		0BF7A3592CFE78130077FA9D /* Model */ = {
			isa = PBXGroup;
			children = (
				0BF7A35B2CFE78320077FA9D /* TaskModel.swift */,
				0B7B4AE12D07A52D00865606 /* TaskCellModel.swift */,
				0BF7A35D2CFE78660077FA9D /* LoginResponse.swift */,
				0BF7A35F2CFE78800077FA9D /* APIError.swift */,
			);
			path = Model;
			sourceTree = "<group>";
		};
		0BF7A3712D026C670077FA9D /* TasksView */ = {
			isa = PBXGroup;
			children = (
				0BE62CF52CFA7F7700A863DA /* TasksListViewController.swift */,
				0BF7A3532CFD3DE30077FA9D /* TasksListViewModel.swift */,
				0BF7A34D2CFBD85E0077FA9D /* TaskTableViewCell.swift */,
			);
			path = TasksView;
			sourceTree = "<group>";
		};
		0BF7A3732D026C9B0077FA9D /* QRScannerView */ = {
			isa = PBXGroup;
			children = (
				0BF7A3632CFFD2150077FA9D /* QRScannerViewController.swift */,
				0BF7A3742D0272780077FA9D /* QRScannerViewModel.swift */,
			);
			path = QRScannerView;
			sourceTree = "<group>";
		};
		0BF7A37A2D050F150077FA9D /* Coordinator */ = {
			isa = PBXGroup;
			children = (
				0BF7A3652D0260B70077FA9D /* Coordinator.swift */,
				0BF7A3672D0261090077FA9D /* AppCoordinator.swift */,
				0BF7A36F2D0268EC0077FA9D /* TabBarCoordinator.swift */,
				0BF7A3692D0263160077FA9D /* TasksListViewCoordinator.swift */,
				0BF7A3762D0274130077FA9D /* QRScannerViewCoordinator.swift */,
			);
			path = Coordinator;
			sourceTree = "<group>";
		};
/* End PBXGroup section */

/* Begin PBXNativeTarget section */
		0B9786F72D0906D500BF3071 /* BuddygerTests */ = {
			isa = PBXNativeTarget;
			buildConfigurationList = 0B9786FE2D0906D500BF3071 /* Build configuration list for PBXNativeTarget "BuddygerTests" */;
			buildPhases = (
				0B9786F42D0906D500BF3071 /* Sources */,
				0B9786F52D0906D500BF3071 /* Frameworks */,
				0B9786F62D0906D500BF3071 /* Resources */,
			);
			buildRules = (
			);
			dependencies = (
				0B9786FD2D0906D500BF3071 /* PBXTargetDependency */,
			);
			name = BuddygerTests;
			productName = BuddygerTests;
			productReference = 0B9786F82D0906D500BF3071 /* BuddygerTests.xctest */;
			productType = "com.apple.product-type.bundle.unit-test";
		};
		0BE62CED2CFA7F7700A863DA /* Buddyger */ = {
			isa = PBXNativeTarget;
			buildConfigurationList = 0BE62D1B2CFA7F7B00A863DA /* Build configuration list for PBXNativeTarget "Buddyger" */;
			buildPhases = (
				0BE62CEA2CFA7F7700A863DA /* Sources */,
				0BE62CEB2CFA7F7700A863DA /* Frameworks */,
				0BE62CEC2CFA7F7700A863DA /* Resources */,
			);
			buildRules = (
			);
			dependencies = (
			);
			name = Buddyger;
			productName = Buddyger;
			productReference = 0BE62CEE2CFA7F7700A863DA /* Buddyger.app */;
			productType = "com.apple.product-type.application";
		};
/* End PBXNativeTarget section */

/* Begin PBXProject section */
		0BE62CE62CFA7F7700A863DA /* Project object */ = {
			isa = PBXProject;
			attributes = {
				BuildIndependentTargetsInParallel = 1;
				LastSwiftUpdateCheck = 1540;
				LastUpgradeCheck = 1540;
				TargetAttributes = {
					0B9786F72D0906D500BF3071 = {
						CreatedOnToolsVersion = 15.4;
						LastSwiftMigration = 1540;
						TestTargetID = 0BE62CED2CFA7F7700A863DA;
					};
					0BE62CED2CFA7F7700A863DA = {
						CreatedOnToolsVersion = 15.4;
					};
				};
			};
			buildConfigurationList = 0BE62CE92CFA7F7700A863DA /* Build configuration list for PBXProject "Buddyger" */;
			compatibilityVersion = "Xcode 14.0";
			developmentRegion = en;
			hasScannedForEncodings = 0;
			knownRegions = (
				en,
				Base,
			);
			mainGroup = 0BE62CE52CFA7F7700A863DA;
			productRefGroup = 0BE62CEF2CFA7F7700A863DA /* Products */;
			projectDirPath = "";
			projectRoot = "";
			targets = (
				0BE62CED2CFA7F7700A863DA /* Buddyger */,
				0B9786F72D0906D500BF3071 /* BuddygerTests */,
			);
		};
/* End PBXProject section */

/* Begin PBXResourcesBuildPhase section */
		0B9786F62D0906D500BF3071 /* Resources */ = {
			isa = PBXResourcesBuildPhase;
			buildActionMask = 2147483647;
			files = (
			);
			runOnlyForDeploymentPostprocessing = 0;
		};
		0BE62CEC2CFA7F7700A863DA /* Resources */ = {
			isa = PBXResourcesBuildPhase;
			buildActionMask = 2147483647;
			files = (
				0BE62CFE2CFA7F7A00A863DA /* Assets.xcassets in Resources */,
				0BE62D012CFA7F7A00A863DA /* Base in Resources */,
				0BE62CF92CFA7F7700A863DA /* Base in Resources */,
			);
			runOnlyForDeploymentPostprocessing = 0;
		};
/* End PBXResourcesBuildPhase section */

/* Begin PBXSourcesBuildPhase section */
		0B9786F42D0906D500BF3071 /* Sources */ = {
			isa = PBXSourcesBuildPhase;
			buildActionMask = 2147483647;
			files = (
				0B9787042D0906F100BF3071 /* MockRepos&Managers.swift in Sources */,
				0B9787032D0906F100BF3071 /* TasksListViewModelTests.swift in Sources */,
			);
			runOnlyForDeploymentPostprocessing = 0;
		};
		0BE62CEA2CFA7F7700A863DA /* Sources */ = {
			isa = PBXSourcesBuildPhase;
			buildActionMask = 2147483647;
			files = (
				0BBED3702D0A415A009C89CA /* Constants.swift in Sources */,
				0BE62CF62CFA7F7700A863DA /* TasksListViewController.swift in Sources */,
				0BF7A3502CFBDED70077FA9D /* AuthRepository.swift in Sources */,
				0B7B4AE22D07A52D00865606 /* TaskCellModel.swift in Sources */,
				0BF7A3662D0260B70077FA9D /* Coordinator.swift in Sources */,
				0BF7A35C2CFE78320077FA9D /* TaskModel.swift in Sources */,
				0BF7A3682D0261090077FA9D /* AppCoordinator.swift in Sources */,
				0BF7A3752D0272780077FA9D /* QRScannerViewModel.swift in Sources */,
				0BF7A36C2D0263950077FA9D /* UIViewController+Storyboard.swift in Sources */,
				0BF7A3542CFD3DE30077FA9D /* TasksListViewModel.swift in Sources */,
				0BE62CF22CFA7F7700A863DA /* AppDelegate.swift in Sources */,
				0BF7A3602CFE78800077FA9D /* APIError.swift in Sources */,
				0BF7A3642CFFD2150077FA9D /* QRScannerViewController.swift in Sources */,
				0BF7A34E2CFBD85E0077FA9D /* TaskTableViewCell.swift in Sources */,
				0BF7A3522CFCAA640077FA9D /* TaskManagerRepository.swift in Sources */,
				0B7B4ADF2D050FFD00865606 /* TabBarController.swift in Sources */,
				0BE62CF42CFA7F7700A863DA /* SceneDelegate.swift in Sources */,
				0BE62CFC2CFA7F7700A863DA /* Buddyger.xcdatamodeld in Sources */,
				0BF7A35E2CFE78660077FA9D /* LoginResponse.swift in Sources */,
				0B7B4AE02D050FFD00865606 /* TabBarPages.swift in Sources */,
				0BF7A36A2D0263160077FA9D /* TasksListViewCoordinator.swift in Sources */,
				0BF7A3622CFE7F170077FA9D /* CoreDataManger.swift in Sources */,
				0BF7A3702D0268EC0077FA9D /* TabBarCoordinator.swift in Sources */,
				0BF7A3562CFE11BC0077FA9D /* UIColor+Hex.swift in Sources */,
				0BF7A3772D0274130077FA9D /* QRScannerViewCoordinator.swift in Sources */,
			);
			runOnlyForDeploymentPostprocessing = 0;
		};
/* End PBXSourcesBuildPhase section */

/* Begin PBXTargetDependency section */
		0B9786FD2D0906D500BF3071 /* PBXTargetDependency */ = {
			isa = PBXTargetDependency;
			target = 0BE62CED2CFA7F7700A863DA /* Buddyger */;
			targetProxy = 0B9786FC2D0906D500BF3071 /* PBXContainerItemProxy */;
		};
/* End PBXTargetDependency section */

/* Begin PBXVariantGroup section */
		0BE62CF72CFA7F7700A863DA /* Main.storyboard */ = {
			isa = PBXVariantGroup;
			children = (
				0BE62CF82CFA7F7700A863DA /* Base */,
			);
			name = Main.storyboard;
			sourceTree = "<group>";
		};
		0BE62CFF2CFA7F7A00A863DA /* LaunchScreen.storyboard */ = {
			isa = PBXVariantGroup;
			children = (
				0BE62D002CFA7F7A00A863DA /* Base */,
			);
			name = LaunchScreen.storyboard;
			sourceTree = "<group>";
		};
/* End PBXVariantGroup section */

/* Begin XCBuildConfiguration section */
		0B9786FF2D0906D500BF3071 /* Debug */ = {
			isa = XCBuildConfiguration;
			buildSettings = {
				BUNDLE_LOADER = "$(TEST_HOST)";
				CLANG_ENABLE_MODULES = YES;
				CODE_SIGN_STYLE = Automatic;
				CURRENT_PROJECT_VERSION = 1;
				DEVELOPMENT_TEAM = FY62B5QW5Y;
				GENERATE_INFOPLIST_FILE = YES;
				IPHONEOS_DEPLOYMENT_TARGET = 17.5;
				MARKETING_VERSION = 1.0;
				PRODUCT_BUNDLE_IDENTIFIER = oniqotlqvo.BuddygerTests;
				PRODUCT_NAME = "$(TARGET_NAME)";
				SWIFT_EMIT_LOC_STRINGS = NO;
				SWIFT_OPTIMIZATION_LEVEL = "-Onone";
				SWIFT_VERSION = 5.0;
				TARGETED_DEVICE_FAMILY = "1,2";
				TEST_HOST = "$(BUILT_PRODUCTS_DIR)/Buddyger.app/$(BUNDLE_EXECUTABLE_FOLDER_PATH)/Buddyger";
			};
			name = Debug;
		};
		0B9787002D0906D500BF3071 /* Release */ = {
			isa = XCBuildConfiguration;
			buildSettings = {
				BUNDLE_LOADER = "$(TEST_HOST)";
				CLANG_ENABLE_MODULES = YES;
				CODE_SIGN_STYLE = Automatic;
				CURRENT_PROJECT_VERSION = 1;
				DEVELOPMENT_TEAM = FY62B5QW5Y;
				GENERATE_INFOPLIST_FILE = YES;
				IPHONEOS_DEPLOYMENT_TARGET = 17.5;
				MARKETING_VERSION = 1.0;
				PRODUCT_BUNDLE_IDENTIFIER = oniqotlqvo.BuddygerTests;
				PRODUCT_NAME = "$(TARGET_NAME)";
				SWIFT_EMIT_LOC_STRINGS = NO;
				SWIFT_VERSION = 5.0;
				TARGETED_DEVICE_FAMILY = "1,2";
				TEST_HOST = "$(BUILT_PRODUCTS_DIR)/Buddyger.app/$(BUNDLE_EXECUTABLE_FOLDER_PATH)/Buddyger";
			};
			name = Release;
		};
		0BE62D192CFA7F7B00A863DA /* Debug */ = {
			isa = XCBuildConfiguration;
			buildSettings = {
				ALWAYS_SEARCH_USER_PATHS = NO;
				ASSETCATALOG_COMPILER_GENERATE_SWIFT_ASSET_SYMBOL_EXTENSIONS = YES;
				CLANG_ANALYZER_NONNULL = YES;
				CLANG_ANALYZER_NUMBER_OBJECT_CONVERSION = YES_AGGRESSIVE;
				CLANG_CXX_LANGUAGE_STANDARD = "gnu++20";
				CLANG_ENABLE_MODULES = YES;
				CLANG_ENABLE_OBJC_ARC = YES;
				CLANG_ENABLE_OBJC_WEAK = YES;
				CLANG_WARN_BLOCK_CAPTURE_AUTORELEASING = YES;
				CLANG_WARN_BOOL_CONVERSION = YES;
				CLANG_WARN_COMMA = YES;
				CLANG_WARN_CONSTANT_CONVERSION = YES;
				CLANG_WARN_DEPRECATED_OBJC_IMPLEMENTATIONS = YES;
				CLANG_WARN_DIRECT_OBJC_ISA_USAGE = YES_ERROR;
				CLANG_WARN_DOCUMENTATION_COMMENTS = YES;
				CLANG_WARN_EMPTY_BODY = YES;
				CLANG_WARN_ENUM_CONVERSION = YES;
				CLANG_WARN_INFINITE_RECURSION = YES;
				CLANG_WARN_INT_CONVERSION = YES;
				CLANG_WARN_NON_LITERAL_NULL_CONVERSION = YES;
				CLANG_WARN_OBJC_IMPLICIT_RETAIN_SELF = YES;
				CLANG_WARN_OBJC_LITERAL_CONVERSION = YES;
				CLANG_WARN_OBJC_ROOT_CLASS = YES_ERROR;
				CLANG_WARN_QUOTED_INCLUDE_IN_FRAMEWORK_HEADER = YES;
				CLANG_WARN_RANGE_LOOP_ANALYSIS = YES;
				CLANG_WARN_STRICT_PROTOTYPES = YES;
				CLANG_WARN_SUSPICIOUS_MOVE = YES;
				CLANG_WARN_UNGUARDED_AVAILABILITY = YES_AGGRESSIVE;
				CLANG_WARN_UNREACHABLE_CODE = YES;
				CLANG_WARN__DUPLICATE_METHOD_MATCH = YES;
				COPY_PHASE_STRIP = NO;
				DEBUG_INFORMATION_FORMAT = dwarf;
				ENABLE_STRICT_OBJC_MSGSEND = YES;
				ENABLE_TESTABILITY = YES;
				ENABLE_USER_SCRIPT_SANDBOXING = YES;
				GCC_C_LANGUAGE_STANDARD = gnu17;
				GCC_DYNAMIC_NO_PIC = NO;
				GCC_NO_COMMON_BLOCKS = YES;
				GCC_OPTIMIZATION_LEVEL = 0;
				GCC_PREPROCESSOR_DEFINITIONS = (
					"DEBUG=1",
					"$(inherited)",
				);
				GCC_WARN_64_TO_32_BIT_CONVERSION = YES;
				GCC_WARN_ABOUT_RETURN_TYPE = YES_ERROR;
				GCC_WARN_UNDECLARED_SELECTOR = YES;
				GCC_WARN_UNINITIALIZED_AUTOS = YES_AGGRESSIVE;
				GCC_WARN_UNUSED_FUNCTION = YES;
				GCC_WARN_UNUSED_VARIABLE = YES;
				IPHONEOS_DEPLOYMENT_TARGET = 17.0;
				LOCALIZATION_PREFERS_STRING_CATALOGS = YES;
				MTL_ENABLE_DEBUG_INFO = INCLUDE_SOURCE;
				MTL_FAST_MATH = YES;
				ONLY_ACTIVE_ARCH = YES;
				SDKROOT = iphoneos;
				SWIFT_ACTIVE_COMPILATION_CONDITIONS = "DEBUG $(inherited)";
				SWIFT_OPTIMIZATION_LEVEL = "-Onone";
			};
			name = Debug;
		};
		0BE62D1A2CFA7F7B00A863DA /* Release */ = {
			isa = XCBuildConfiguration;
			buildSettings = {
				ALWAYS_SEARCH_USER_PATHS = NO;
				ASSETCATALOG_COMPILER_GENERATE_SWIFT_ASSET_SYMBOL_EXTENSIONS = YES;
				CLANG_ANALYZER_NONNULL = YES;
				CLANG_ANALYZER_NUMBER_OBJECT_CONVERSION = YES_AGGRESSIVE;
				CLANG_CXX_LANGUAGE_STANDARD = "gnu++20";
				CLANG_ENABLE_MODULES = YES;
				CLANG_ENABLE_OBJC_ARC = YES;
				CLANG_ENABLE_OBJC_WEAK = YES;
				CLANG_WARN_BLOCK_CAPTURE_AUTORELEASING = YES;
				CLANG_WARN_BOOL_CONVERSION = YES;
				CLANG_WARN_COMMA = YES;
				CLANG_WARN_CONSTANT_CONVERSION = YES;
				CLANG_WARN_DEPRECATED_OBJC_IMPLEMENTATIONS = YES;
				CLANG_WARN_DIRECT_OBJC_ISA_USAGE = YES_ERROR;
				CLANG_WARN_DOCUMENTATION_COMMENTS = YES;
				CLANG_WARN_EMPTY_BODY = YES;
				CLANG_WARN_ENUM_CONVERSION = YES;
				CLANG_WARN_INFINITE_RECURSION = YES;
				CLANG_WARN_INT_CONVERSION = YES;
				CLANG_WARN_NON_LITERAL_NULL_CONVERSION = YES;
				CLANG_WARN_OBJC_IMPLICIT_RETAIN_SELF = YES;
				CLANG_WARN_OBJC_LITERAL_CONVERSION = YES;
				CLANG_WARN_OBJC_ROOT_CLASS = YES_ERROR;
				CLANG_WARN_QUOTED_INCLUDE_IN_FRAMEWORK_HEADER = YES;
				CLANG_WARN_RANGE_LOOP_ANALYSIS = YES;
				CLANG_WARN_STRICT_PROTOTYPES = YES;
				CLANG_WARN_SUSPICIOUS_MOVE = YES;
				CLANG_WARN_UNGUARDED_AVAILABILITY = YES_AGGRESSIVE;
				CLANG_WARN_UNREACHABLE_CODE = YES;
				CLANG_WARN__DUPLICATE_METHOD_MATCH = YES;
				COPY_PHASE_STRIP = NO;
				DEBUG_INFORMATION_FORMAT = "dwarf-with-dsym";
				ENABLE_NS_ASSERTIONS = NO;
				ENABLE_STRICT_OBJC_MSGSEND = YES;
				ENABLE_USER_SCRIPT_SANDBOXING = YES;
				GCC_C_LANGUAGE_STANDARD = gnu17;
				GCC_NO_COMMON_BLOCKS = YES;
				GCC_WARN_64_TO_32_BIT_CONVERSION = YES;
				GCC_WARN_ABOUT_RETURN_TYPE = YES_ERROR;
				GCC_WARN_UNDECLARED_SELECTOR = YES;
				GCC_WARN_UNINITIALIZED_AUTOS = YES_AGGRESSIVE;
				GCC_WARN_UNUSED_FUNCTION = YES;
				GCC_WARN_UNUSED_VARIABLE = YES;
				IPHONEOS_DEPLOYMENT_TARGET = 17.0;
				LOCALIZATION_PREFERS_STRING_CATALOGS = YES;
				MTL_ENABLE_DEBUG_INFO = NO;
				MTL_FAST_MATH = YES;
				SDKROOT = iphoneos;
				SWIFT_COMPILATION_MODE = wholemodule;
				VALIDATE_PRODUCT = YES;
			};
			name = Release;
		};
		0BE62D1C2CFA7F7B00A863DA /* Debug */ = {
			isa = XCBuildConfiguration;
			buildSettings = {
				ASSETCATALOG_COMPILER_APPICON_NAME = AppIcon;
				ASSETCATALOG_COMPILER_GLOBAL_ACCENT_COLOR_NAME = AccentColor;
				CODE_SIGN_STYLE = Automatic;
				CURRENT_PROJECT_VERSION = 1;
				DEVELOPMENT_TEAM = FY62B5QW5Y;
				GENERATE_INFOPLIST_FILE = YES;
				INFOPLIST_FILE = Buddyger/Info.plist;
				INFOPLIST_KEY_UIApplicationSupportsIndirectInputEvents = YES;
				INFOPLIST_KEY_UILaunchStoryboardName = LaunchScreen;
				INFOPLIST_KEY_UIMainStoryboardFile = Main;
				INFOPLIST_KEY_UISupportedInterfaceOrientations_iPad = "UIInterfaceOrientationPortrait UIInterfaceOrientationPortraitUpsideDown UIInterfaceOrientationLandscapeLeft UIInterfaceOrientationLandscapeRight";
				INFOPLIST_KEY_UISupportedInterfaceOrientations_iPhone = "UIInterfaceOrientationPortrait UIInterfaceOrientationLandscapeLeft UIInterfaceOrientationLandscapeRight";
				LD_RUNPATH_SEARCH_PATHS = (
					"$(inherited)",
					"@executable_path/Frameworks",
				);
				MARKETING_VERSION = 1.0;
				PRODUCT_BUNDLE_IDENTIFIER = oniqotlqvo.Buddyger;
				PRODUCT_NAME = "$(TARGET_NAME)";
				SWIFT_EMIT_LOC_STRINGS = YES;
				SWIFT_VERSION = 5.0;
				TARGETED_DEVICE_FAMILY = "1,2";
			};
			name = Debug;
		};
		0BE62D1D2CFA7F7B00A863DA /* Release */ = {
			isa = XCBuildConfiguration;
			buildSettings = {
				ASSETCATALOG_COMPILER_APPICON_NAME = AppIcon;
				ASSETCATALOG_COMPILER_GLOBAL_ACCENT_COLOR_NAME = AccentColor;
				CODE_SIGN_STYLE = Automatic;
				CURRENT_PROJECT_VERSION = 1;
				DEVELOPMENT_TEAM = FY62B5QW5Y;
				GENERATE_INFOPLIST_FILE = YES;
				INFOPLIST_FILE = Buddyger/Info.plist;
				INFOPLIST_KEY_UIApplicationSupportsIndirectInputEvents = YES;
				INFOPLIST_KEY_UILaunchStoryboardName = LaunchScreen;
				INFOPLIST_KEY_UIMainStoryboardFile = Main;
				INFOPLIST_KEY_UISupportedInterfaceOrientations_iPad = "UIInterfaceOrientationPortrait UIInterfaceOrientationPortraitUpsideDown UIInterfaceOrientationLandscapeLeft UIInterfaceOrientationLandscapeRight";
				INFOPLIST_KEY_UISupportedInterfaceOrientations_iPhone = "UIInterfaceOrientationPortrait UIInterfaceOrientationLandscapeLeft UIInterfaceOrientationLandscapeRight";
				LD_RUNPATH_SEARCH_PATHS = (
					"$(inherited)",
					"@executable_path/Frameworks",
				);
				MARKETING_VERSION = 1.0;
				PRODUCT_BUNDLE_IDENTIFIER = oniqotlqvo.Buddyger;
				PRODUCT_NAME = "$(TARGET_NAME)";
				SWIFT_EMIT_LOC_STRINGS = YES;
				SWIFT_VERSION = 5.0;
				TARGETED_DEVICE_FAMILY = "1,2";
			};
			name = Release;
		};
/* End XCBuildConfiguration section */

/* Begin XCConfigurationList section */
		0B9786FE2D0906D500BF3071 /* Build configuration list for PBXNativeTarget "BuddygerTests" */ = {
			isa = XCConfigurationList;
			buildConfigurations = (
				0B9786FF2D0906D500BF3071 /* Debug */,
				0B9787002D0906D500BF3071 /* Release */,
			);
			defaultConfigurationIsVisible = 0;
			defaultConfigurationName = Release;
		};
		0BE62CE92CFA7F7700A863DA /* Build configuration list for PBXProject "Buddyger" */ = {
			isa = XCConfigurationList;
			buildConfigurations = (
				0BE62D192CFA7F7B00A863DA /* Debug */,
				0BE62D1A2CFA7F7B00A863DA /* Release */,
			);
			defaultConfigurationIsVisible = 0;
			defaultConfigurationName = Release;
		};
		0BE62D1B2CFA7F7B00A863DA /* Build configuration list for PBXNativeTarget "Buddyger" */ = {
			isa = XCConfigurationList;
			buildConfigurations = (
				0BE62D1C2CFA7F7B00A863DA /* Debug */,
				0BE62D1D2CFA7F7B00A863DA /* Release */,
			);
			defaultConfigurationIsVisible = 0;
			defaultConfigurationName = Release;
		};
/* End XCConfigurationList section */

/* Begin XCVersionGroup section */
		0BE62CFA2CFA7F7700A863DA /* Buddyger.xcdatamodeld */ = {
			isa = XCVersionGroup;
			children = (
				0BE62CFB2CFA7F7700A863DA /* Buddyger.xcdatamodel */,
			);
			currentVersion = 0BE62CFB2CFA7F7700A863DA /* Buddyger.xcdatamodel */;
			path = Buddyger.xcdatamodeld;
			sourceTree = "<group>";
			versionGroupType = wrapper.xcdatamodel;
		};
/* End XCVersionGroup section */
	};
	rootObject = 0BE62CE62CFA7F7700A863DA /* Project object */;
}
